
Microsoft Visual Studio Solution File, Format Version 12.00
# Visual Studio 15
VisualStudioVersion = 15.0.27130.2036
MinimumVisualStudioVersion = 10.0.40219.1
Project("{8BC9CEB8-8B4A-11D0-8D11-00A0C91BC942}") = "magaz_internet", "magaz_internet\magaz_internet.vcxproj", "{B84F386F-594A-4060-A2E5-08FE1A142129}"
EndProject
Global
	GlobalSection(SolutionConfigurationPlatforms) = preSolution
		Debug|x64 = Debug|x64
		Debug|x86 = Debug|x86
		Release|x64 = Release|x64
		Release|x86 = Release|x86
	EndGlobalSection
	GlobalSection(ProjectConfigurationPlatforms) = postSolution
		{B84F386F-594A-4060-A2E5-08FE1A142129}.Debug|x64.ActiveCfg = Debug|x64
		{B84F386F-594A-4060-A2E5-08FE1A142129}.Debug|x64.Build.0 = Debug|x64
		{B84F386F-594A-4060-A2E5-08FE1A142129}.Debug|x86.ActiveCfg = Debug|Win32
		{B84F386F-594A-4060-A2E5-08FE1A142129}.Debug|x86.Build.0 = Debug|Win32
		{B84F386F-594A-4060-A2E5-08FE1A142129}.Release|x64.ActiveCfg = Release|x64
		{B84F386F-594A-4060-A2E5-08FE1A142129}.Release|x64.Build.0 = Release|x64
		{B84F386F-594A-4060-A2E5-08FE1A142129}.Release|x86.ActiveCfg = Release|Win32
		{B84F386F-594A-4060-A2E5-08FE1A142129}.Release|x86.Build.0 = Release|Win32
	EndGlobalSection
	GlobalSection(SolutionProperties) = preSolution
		HideSolutionNode = FALSE
	EndGlobalSection
	GlobalSection(ExtensibilityGlobals) = postSolution
		SolutionGuid = {FE961ED3-589A-472B-A123-F2D3777D33F7}
	EndGlobalSection
EndGlobal
