
Microsoft Visual Studio Solution File, Format Version 12.00
# Visual Studio 15
VisualStudioVersion = 15.0.27130.2036
MinimumVisualStudioVersion = 10.0.40219.1
Project("{8BC9CEB8-8B4A-11D0-8D11-00A0C91BC942}") = "rozr_matrix", "rozr_matrix\rozr_matrix.vcxproj", "{AEFE8D1F-C040-48A6-AB0D-D073C7C57D24}"
EndProject
Global
	GlobalSection(SolutionConfigurationPlatforms) = preSolution
		Debug|x64 = Debug|x64
		Debug|x86 = Debug|x86
		Release|x64 = Release|x64
		Release|x86 = Release|x86
	EndGlobalSection
	GlobalSection(ProjectConfigurationPlatforms) = postSolution
		{AEFE8D1F-C040-48A6-AB0D-D073C7C57D24}.Debug|x64.ActiveCfg = Debug|x64
		{AEFE8D1F-C040-48A6-AB0D-D073C7C57D24}.Debug|x64.Build.0 = Debug|x64
		{AEFE8D1F-C040-48A6-AB0D-D073C7C57D24}.Debug|x86.ActiveCfg = Debug|Win32
		{AEFE8D1F-C040-48A6-AB0D-D073C7C57D24}.Debug|x86.Build.0 = Debug|Win32
		{AEFE8D1F-C040-48A6-AB0D-D073C7C57D24}.Release|x64.ActiveCfg = Release|x64
		{AEFE8D1F-C040-48A6-AB0D-D073C7C57D24}.Release|x64.Build.0 = Release|x64
		{AEFE8D1F-C040-48A6-AB0D-D073C7C57D24}.Release|x86.ActiveCfg = Release|Win32
		{AEFE8D1F-C040-48A6-AB0D-D073C7C57D24}.Release|x86.Build.0 = Release|Win32
	EndGlobalSection
	GlobalSection(SolutionProperties) = preSolution
		HideSolutionNode = FALSE
	EndGlobalSection
	GlobalSection(ExtensibilityGlobals) = postSolution
		SolutionGuid = {1A499AC1-DEDE-43E1-B0F1-F0B9170B618A}
	EndGlobalSection
EndGlobal
