
Microsoft Visual Studio Solution File, Format Version 12.00
# Visual Studio 15
VisualStudioVersion = 15.0.27130.2036
MinimumVisualStudioVersion = 10.0.40219.1
Project("{8BC9CEB8-8B4A-11D0-8D11-00A0C91BC942}") = "list4_1", "list4_1\list4_1.vcxproj", "{103C6668-CC47-4B26-9B0D-85F11848A1DF}"
EndProject
Global
	GlobalSection(SolutionConfigurationPlatforms) = preSolution
		Debug|x64 = Debug|x64
		Debug|x86 = Debug|x86
		Release|x64 = Release|x64
		Release|x86 = Release|x86
	EndGlobalSection
	GlobalSection(ProjectConfigurationPlatforms) = postSolution
		{103C6668-CC47-4B26-9B0D-85F11848A1DF}.Debug|x64.ActiveCfg = Debug|x64
		{103C6668-CC47-4B26-9B0D-85F11848A1DF}.Debug|x64.Build.0 = Debug|x64
		{103C6668-CC47-4B26-9B0D-85F11848A1DF}.Debug|x86.ActiveCfg = Debug|Win32
		{103C6668-CC47-4B26-9B0D-85F11848A1DF}.Debug|x86.Build.0 = Debug|Win32
		{103C6668-CC47-4B26-9B0D-85F11848A1DF}.Release|x64.ActiveCfg = Release|x64
		{103C6668-CC47-4B26-9B0D-85F11848A1DF}.Release|x64.Build.0 = Release|x64
		{103C6668-CC47-4B26-9B0D-85F11848A1DF}.Release|x86.ActiveCfg = Release|Win32
		{103C6668-CC47-4B26-9B0D-85F11848A1DF}.Release|x86.Build.0 = Release|Win32
	EndGlobalSection
	GlobalSection(SolutionProperties) = preSolution
		HideSolutionNode = FALSE
	EndGlobalSection
	GlobalSection(ExtensibilityGlobals) = postSolution
		SolutionGuid = {49EA711D-94E7-4221-900B-4062E198E2E0}
	EndGlobalSection
EndGlobal
